// !$*UTF8*$!
{
	archiveVersion = 1;
	classes = {
	};
	objectVersion = 50;
	objects = {

/* Begin PBXBuildFile section */
		DE9E37FA22E241F400826DC5 /* AppDelegate.swift in Sources */ = {isa = PBXBuildFile; fileRef = DE9E37F922E241F400826DC5 /* AppDelegate.swift */; };
		DE9E37FC22E241F400826DC5 /* SceneDelegate.swift in Sources */ = {isa = PBXBuildFile; fileRef = DE9E37FB22E241F400826DC5 /* SceneDelegate.swift */; };
		DE9E37FE22E241F400826DC5 /* ContentView.swift in Sources */ = {isa = PBXBuildFile; fileRef = DE9E37FD22E241F400826DC5 /* ContentView.swift */; };
		DE9E380022E241F500826DC5 /* Assets.xcassets in Resources */ = {isa = PBXBuildFile; fileRef = DE9E37FF22E241F500826DC5 /* Assets.xcassets */; };
		DE9E380322E241F500826DC5 /* Preview Assets.xcassets in Resources */ = {isa = PBXBuildFile; fileRef = DE9E380222E241F500826DC5 /* Preview Assets.xcassets */; };
		DE9E380622E241F500826DC5 /* LaunchScreen.storyboard in Resources */ = {isa = PBXBuildFile; fileRef = DE9E380422E241F500826DC5 /* LaunchScreen.storyboard */; };
		DE9E380F22E2424C00826DC5 /* TopView.swift in Sources */ = {isa = PBXBuildFile; fileRef = DE9E380E22E2424C00826DC5 /* TopView.swift */; };
		DE9E381222E25B5B00826DC5 /* NoDo.swift in Sources */ = {isa = PBXBuildFile; fileRef = DE9E381122E25B5B00826DC5 /* NoDo.swift */; };
		DE9E381422E274A600826DC5 /* NoDoRow.swift in Sources */ = {isa = PBXBuildFile; fileRef = DE9E381322E274A600826DC5 /* NoDoRow.swift */; };
/* End PBXBuildFile section */

/* Begin PBXFileReference section */
		DE9E37F622E241F400826DC5 /* NoDo-B4.app */ = {isa = PBXFileReference; explicitFileType = wrapper.application; includeInIndex = 0; path = "NoDo-B4.app"; sourceTree = BUILT_PRODUCTS_DIR; };
		DE9E37F922E241F400826DC5 /* AppDelegate.swift */ = {isa = PBXFileReference; lastKnownFileType = sourcecode.swift; path = AppDelegate.swift; sourceTree = "<group>"; };
		DE9E37FB22E241F400826DC5 /* SceneDelegate.swift */ = {isa = PBXFileReference; lastKnownFileType = sourcecode.swift; path = SceneDelegate.swift; sourceTree = "<group>"; };
		DE9E37FD22E241F400826DC5 /* ContentView.swift */ = {isa = PBXFileReference; lastKnownFileType = sourcecode.swift; path = ContentView.swift; sourceTree = "<group>"; };
		DE9E37FF22E241F500826DC5 /* Assets.xcassets */ = {isa = PBXFileReference; lastKnownFileType = folder.assetcatalog; path = Assets.xcassets; sourceTree = "<group>"; };
		DE9E380222E241F500826DC5 /* Preview Assets.xcassets */ = {isa = PBXFileReference; lastKnownFileType = folder.assetcatalog; path = "Preview Assets.xcassets"; sourceTree = "<group>"; };
		DE9E380522E241F500826DC5 /* Base */ = {isa = PBXFileReference; lastKnownFileType = file.storyboard; name = Base; path = Base.lproj/LaunchScreen.storyboard; sourceTree = "<group>"; };
		DE9E380722E241F500826DC5 /* Info.plist */ = {isa = PBXFileReference; lastKnownFileType = text.plist.xml; path = Info.plist; sourceTree = "<group>"; };
		DE9E380E22E2424C00826DC5 /* TopView.swift */ = {isa = PBXFileReference; lastKnownFileType = sourcecode.swift; path = TopView.swift; sourceTree = "<group>"; };
		DE9E381122E25B5B00826DC5 /* NoDo.swift */ = {isa = PBXFileReference; lastKnownFileType = sourcecode.swift; path = NoDo.swift; sourceTree = "<group>"; };
		DE9E381322E274A600826DC5 /* NoDoRow.swift */ = {isa = PBXFileReference; lastKnownFileType = sourcecode.swift; path = NoDoRow.swift; sourceTree = "<group>"; };
/* End PBXFileReference section */

/* Begin PBXFrameworksBuildPhase section */
		DE9E37F322E241F400826DC5 /* Frameworks */ = {
			isa = PBXFrameworksBuildPhase;
			buildActionMask = 2147483647;
			files = (
			);
			runOnlyForDeploymentPostprocessing = 0;
		};
/* End PBXFrameworksBuildPhase section */

/* Begin PBXGroup section */
		DE9E37ED22E241F400826DC5 = {
			isa = PBXGroup;
			children = (
				DE9E37F822E241F400826DC5 /* NoDo-B4 */,
				DE9E37F722E241F400826DC5 /* Products */,
			);
			sourceTree = "<group>";
		};
		DE9E37F722E241F400826DC5 /* Products */ = {
			isa = PBXGroup;
			children = (
				DE9E37F622E241F400826DC5 /* NoDo-B4.app */,
			);
			name = Products;
			sourceTree = "<group>";
		};
		DE9E37F822E241F400826DC5 /* NoDo-B4 */ = {
			isa = PBXGroup;
			children = (
				DE9E381022E25B4A00826DC5 /* Model */,
				DE9E380D22E2422B00826DC5 /* View */,
				DE9E37F922E241F400826DC5 /* AppDelegate.swift */,
				DE9E37FB22E241F400826DC5 /* SceneDelegate.swift */,
				DE9E37FD22E241F400826DC5 /* ContentView.swift */,
				DE9E37FF22E241F500826DC5 /* Assets.xcassets */,
				DE9E380422E241F500826DC5 /* LaunchScreen.storyboard */,
				DE9E380722E241F500826DC5 /* Info.plist */,
				DE9E380122E241F500826DC5 /* Preview Content */,
			);
			path = "NoDo-B4";
			sourceTree = "<group>";
		};
		DE9E380122E241F500826DC5 /* Preview Content */ = {
			isa = PBXGroup;
			children = (
				DE9E380222E241F500826DC5 /* Preview Assets.xcassets */,
			);
			path = "Preview Content";
			sourceTree = "<group>";
		};
		DE9E380D22E2422B00826DC5 /* View */ = {
			isa = PBXGroup;
			children = (
				DE9E380E22E2424C00826DC5 /* TopView.swift */,
				DE9E381322E274A600826DC5 /* NoDoRow.swift */,
			);
			name = View;
			sourceTree = "<group>";
		};
		DE9E381022E25B4A00826DC5 /* Model */ = {
			isa = PBXGroup;
			children = (
				DE9E381122E25B5B00826DC5 /* NoDo.swift */,
			);
			name = Model;
			sourceTree = "<group>";
		};
/* End PBXGroup section */

/* Begin PBXNativeTarget section */
		DE9E37F522E241F400826DC5 /* NoDo-B4 */ = {
			isa = PBXNativeTarget;
			buildConfigurationList = DE9E380A22E241F500826DC5 /* Build configuration list for PBXNativeTarget "NoDo-B4" */;
			buildPhases = (
				DE9E37F222E241F400826DC5 /* Sources */,
				DE9E37F322E241F400826DC5 /* Frameworks */,
				DE9E37F422E241F400826DC5 /* Resources */,
			);
			buildRules = (
			);
			dependencies = (
			);
			name = "NoDo-B4";
			productName = "NoDo-B4";
			productReference = DE9E37F622E241F400826DC5 /* NoDo-B4.app */;
			productType = "com.apple.product-type.application";
		};
/* End PBXNativeTarget section */

/* Begin PBXProject section */
		DE9E37EE22E241F400826DC5 /* Project object */ = {
			isa = PBXProject;
			attributes = {
				LastSwiftUpdateCheck = 1100;
				LastUpgradeCheck = 1100;
				ORGANIZATIONNAME = "Paulo Dichone";
				TargetAttributes = {
					DE9E37F522E241F400826DC5 = {
						CreatedOnToolsVersion = 11.0;
					};
				};
			};
			buildConfigurationList = DE9E37F122E241F400826DC5 /* Build configuration list for PBXProject "NoDo-B4" */;
			compatibilityVersion = "Xcode 9.3";
			developmentRegion = en;
			hasScannedForEncodings = 0;
			knownRegions = (
				en,
				Base,
			);
			mainGroup = DE9E37ED22E241F400826DC5;
			productRefGroup = DE9E37F722E241F400826DC5 /* Products */;
			projectDirPath = "";
			projectRoot = "";
			targets = (
				DE9E37F522E241F400826DC5 /* NoDo-B4 */,
			);
		};
/* End PBXProject section */

/* Begin PBXResourcesBuildPhase section */
		DE9E37F422E241F400826DC5 /* Resources */ = {
			isa = PBXResourcesBuildPhase;
			buildActionMask = 2147483647;
			files = (
				DE9E380622E241F500826DC5 /* LaunchScreen.storyboard in Resources */,
				DE9E380322E241F500826DC5 /* Preview Assets.xcassets in Resources */,
				DE9E380022E241F500826DC5 /* Assets.xcassets in Resources */,
			);
			runOnlyForDeploymentPostprocessing = 0;
		};
/* End PBXResourcesBuildPhase section */

/* Begin PBXSourcesBuildPhase section */
		DE9E37F222E241F400826DC5 /* Sources */ = {
			isa = PBXSourcesBuildPhase;
			buildActionMask = 2147483647;
			files = (
				DE9E381422E274A600826DC5 /* NoDoRow.swift in Sources */,
				DE9E37FA22E241F400826DC5 /* AppDelegate.swift in Sources */,
				DE9E37FC22E241F400826DC5 /* SceneDelegate.swift in Sources */,
				DE9E380F22E2424C00826DC5 /* TopView.swift in Sources */,
				DE9E381222E25B5B00826DC5 /* NoDo.swift in Sources */,
				DE9E37FE22E241F400826DC5 /* ContentView.swift in Sources */,
			);
			runOnlyForDeploymentPostprocessing = 0;
		};
/* End PBXSourcesBuildPhase section */

/* Begin PBXVariantGroup section */
		DE9E380422E241F500826DC5 /* LaunchScreen.storyboard */ = {
			isa = PBXVariantGroup;
			children = (
				DE9E380522E241F500826DC5 /* Base */,
			);
			name = LaunchScreen.storyboard;
			sourceTree = "<group>";
		};
/* End PBXVariantGroup section */

/* Begin XCBuildConfiguration section */
		DE9E380822E241F500826DC5 /* Debug */ = {
			isa = XCBuildConfiguration;
			buildSettings = {
				ALWAYS_SEARCH_USER_PATHS = NO;
				CLANG_ANALYZER_NONNULL = YES;
				CLANG_ANALYZER_NUMBER_OBJECT_CONVERSION = YES_AGGRESSIVE;
				CLANG_CXX_LANGUAGE_STANDARD = "gnu++14";
				CLANG_CXX_LIBRARY = "libc++";
				CLANG_ENABLE_MODULES = YES;
				CLANG_ENABLE_OBJC_ARC = YES;
				CLANG_ENABLE_OBJC_WEAK = YES;
				CLANG_WARN_BLOCK_CAPTURE_AUTORELEASING = YES;
				CLANG_WARN_BOOL_CONVERSION = YES;
				CLANG_WARN_COMMA = YES;
				CLANG_WARN_CONSTANT_CONVERSION = YES;
				CLANG_WARN_DEPRECATED_OBJC_IMPLEMENTATIONS = YES;
				CLANG_WARN_DIRECT_OBJC_ISA_USAGE = YES_ERROR;
				CLANG_WARN_DOCUMENTATION_COMMENTS = YES;
				CLANG_WARN_EMPTY_BODY = YES;
				CLANG_WARN_ENUM_CONVERSION = YES;
				CLANG_WARN_INFINITE_RECURSION = YES;
				CLANG_WARN_INT_CONVERSION = YES;
				CLANG_WARN_NON_LITERAL_NULL_CONVERSION = YES;
				CLANG_WARN_OBJC_IMPLICIT_RETAIN_SELF = YES;
				CLANG_WARN_OBJC_LITERAL_CONVERSION = YES;
				CLANG_WARN_OBJC_ROOT_CLASS = YES_ERROR;
				CLANG_WARN_RANGE_LOOP_ANALYSIS = YES;
				CLANG_WARN_STRICT_PROTOTYPES = YES;
				CLANG_WARN_SUSPICIOUS_MOVE = YES;
				CLANG_WARN_UNGUARDED_AVAILABILITY = YES_AGGRESSIVE;
				CLANG_WARN_UNREACHABLE_CODE = YES;
				CLANG_WARN__DUPLICATE_METHOD_MATCH = YES;
				COPY_PHASE_STRIP = NO;
				DEBUG_INFORMATION_FORMAT = dwarf;
				ENABLE_STRICT_OBJC_MSGSEND = YES;
				ENABLE_TESTABILITY = YES;
				GCC_C_LANGUAGE_STANDARD = gnu11;
				GCC_DYNAMIC_NO_PIC = NO;
				GCC_NO_COMMON_BLOCKS = YES;
				GCC_OPTIMIZATION_LEVEL = 0;
				GCC_PREPROCESSOR_DEFINITIONS = (
					"DEBUG=1",
					"$(inherited)",
				);
				GCC_WARN_64_TO_32_BIT_CONVERSION = YES;
				GCC_WARN_ABOUT_RETURN_TYPE = YES_ERROR;
				GCC_WARN_UNDECLARED_SELECTOR = YES;
				GCC_WARN_UNINITIALIZED_AUTOS = YES_AGGRESSIVE;
				GCC_WARN_UNUSED_FUNCTION = YES;
				GCC_WARN_UNUSED_VARIABLE = YES;
				IPHONEOS_DEPLOYMENT_TARGET = 13.0;
				MTL_ENABLE_DEBUG_INFO = INCLUDE_SOURCE;
				MTL_FAST_MATH = YES;
				ONLY_ACTIVE_ARCH = YES;
				SDKROOT = iphoneos;
				SWIFT_ACTIVE_COMPILATION_CONDITIONS = DEBUG;
				SWIFT_OPTIMIZATION_LEVEL = "-Onone";
			};
			name = Debug;
		};
		DE9E380922E241F500826DC5 /* Release */ = {
			isa = XCBuildConfiguration;
			buildSettings = {
				ALWAYS_SEARCH_USER_PATHS = NO;
				CLANG_ANALYZER_NONNULL = YES;
				CLANG_ANALYZER_NUMBER_OBJECT_CONVERSION = YES_AGGRESSIVE;
				CLANG_CXX_LANGUAGE_STANDARD = "gnu++14";
				CLANG_CXX_LIBRARY = "libc++";
				CLANG_ENABLE_MODULES = YES;
				CLANG_ENABLE_OBJC_ARC = YES;
				CLANG_ENABLE_OBJC_WEAK = YES;
				CLANG_WARN_BLOCK_CAPTURE_AUTORELEASING = YES;
				CLANG_WARN_BOOL_CONVERSION = YES;
				CLANG_WARN_COMMA = YES;
				CLANG_WARN_CONSTANT_CONVERSION = YES;
				CLANG_WARN_DEPRECATED_OBJC_IMPLEMENTATIONS = YES;
				CLANG_WARN_DIRECT_OBJC_ISA_USAGE = YES_ERROR;
				CLANG_WARN_DOCUMENTATION_COMMENTS = YES;
				CLANG_WARN_EMPTY_BODY = YES;
				CLANG_WARN_ENUM_CONVERSION = YES;
				CLANG_WARN_INFINITE_RECURSION = YES;
				CLANG_WARN_INT_CONVERSION = YES;
				CLANG_WARN_NON_LITERAL_NULL_CONVERSION = YES;
				CLANG_WARN_OBJC_IMPLICIT_RETAIN_SELF = YES;
				CLANG_WARN_OBJC_LITERAL_CONVERSION = YES;
				CLANG_WARN_OBJC_ROOT_CLASS = YES_ERROR;
				CLANG_WARN_RANGE_LOOP_ANALYSIS = YES;
				CLANG_WARN_STRICT_PROTOTYPES = YES;
				CLANG_WARN_SUSPICIOUS_MOVE = YES;
				CLANG_WARN_UNGUARDED_AVAILABILITY = YES_AGGRESSIVE;
				CLANG_WARN_UNREACHABLE_CODE = YES;
				CLANG_WARN__DUPLICATE_METHOD_MATCH = YES;
				COPY_PHASE_STRIP = NO;
				DEBUG_INFORMATION_FORMAT = "dwarf-with-dsym";
				ENABLE_NS_ASSERTIONS = NO;
				ENABLE_STRICT_OBJC_MSGSEND = YES;
				GCC_C_LANGUAGE_STANDARD = gnu11;
				GCC_NO_COMMON_BLOCKS = YES;
				GCC_WARN_64_TO_32_BIT_CONVERSION = YES;
				GCC_WARN_ABOUT_RETURN_TYPE = YES_ERROR;
				GCC_WARN_UNDECLARED_SELECTOR = YES;
				GCC_WARN_UNINITIALIZED_AUTOS = YES_AGGRESSIVE;
				GCC_WARN_UNUSED_FUNCTION = YES;
				GCC_WARN_UNUSED_VARIABLE = YES;
				IPHONEOS_DEPLOYMENT_TARGET = 13.0;
				MTL_ENABLE_DEBUG_INFO = NO;
				MTL_FAST_MATH = YES;
				SDKROOT = iphoneos;
				SWIFT_COMPILATION_MODE = wholemodule;
				SWIFT_OPTIMIZATION_LEVEL = "-O";
				VALIDATE_PRODUCT = YES;
			};
			name = Release;
		};
		DE9E380B22E241F500826DC5 /* Debug */ = {
			isa = XCBuildConfiguration;
			buildSettings = {
				ASSETCATALOG_COMPILER_APPICON_NAME = AppIcon;
				CODE_SIGN_STYLE = Automatic;
				DEVELOPMENT_ASSET_PATHS = "NoDo-B4/Preview\\ Content";
				DEVELOPMENT_TEAM = 8R3P9D8HH3;
				ENABLE_PREVIEWS = YES;
				INFOPLIST_FILE = "NoDo-B4/Info.plist";
				LD_RUNPATH_SEARCH_PATHS = (
					"$(inherited)",
					"@executable_path/Frameworks",
				);
				PRODUCT_BUNDLE_IDENTIFIER = "bawp-weatherapp-b4.NoDo-B4";
				PRODUCT_NAME = "$(TARGET_NAME)";
				SWIFT_VERSION = 5.0;
				TARGETED_DEVICE_FAMILY = "1,2";
			};
			name = Debug;
		};
		DE9E380C22E241F500826DC5 /* Release */ = {
			isa = XCBuildConfiguration;
			buildSettings = {
				ASSETCATALOG_COMPILER_APPICON_NAME = AppIcon;
				CODE_SIGN_STYLE = Automatic;
				DEVELOPMENT_ASSET_PATHS = "NoDo-B4/Preview\\ Content";
				DEVELOPMENT_TEAM = 8R3P9D8HH3;
				ENABLE_PREVIEWS = YES;
				INFOPLIST_FILE = "NoDo-B4/Info.plist";
				LD_RUNPATH_SEARCH_PATHS = (
					"$(inherited)",
					"@executable_path/Frameworks",
				);
				PRODUCT_BUNDLE_IDENTIFIER = "bawp-weatherapp-b4.NoDo-B4";
				PRODUCT_NAME = "$(TARGET_NAME)";
				SWIFT_VERSION = 5.0;
				TARGETED_DEVICE_FAMILY = "1,2";
			};
			name = Release;
		};
/* End XCBuildConfiguration section */

/* Begin XCConfigurationList section */
		DE9E37F122E241F400826DC5 /* Build configuration list for PBXProject "NoDo-B4" */ = {
			isa = XCConfigurationList;
			buildConfigurations = (
				DE9E380822E241F500826DC5 /* Debug */,
				DE9E380922E241F500826DC5 /* Release */,
			);
			defaultConfigurationIsVisible = 0;
			defaultConfigurationName = Release;
		};
		DE9E380A22E241F500826DC5 /* Build configuration list for PBXNativeTarget "NoDo-B4" */ = {
			isa = XCConfigurationList;
			buildConfigurations = (
				DE9E380B22E241F500826DC5 /* Debug */,
				DE9E380C22E241F500826DC5 /* Release */,
			);
			defaultConfigurationIsVisible = 0;
			defaultConfigurationName = Release;
		};
/* End XCConfigurationList section */
	};
	rootObject = DE9E37EE22E241F400826DC5 /* Project object */;
}
